
Microsoft Visual Studio Solution File, Format Version 12.00
# Visual Studio Version 17
VisualStudioVersion = 17.0.31903.59
MinimumVisualStudioVersion = 10.0.40219.1
Project("{FAE04EC0-301F-11D3-BF4B-00C04F79EFBC}") = "MetadataApi", "MetadataApi\MetadataApi.csproj", "{0C0AA9D3-2B45-4315-9575-DB9E135381FE}"
EndProject
Project("{FAE04EC0-301F-11D3-BF4B-00C04F79EFBC}") = "MetadataApi.Tests", "MetadataApi.Tests\MetadataApi.Tests.csproj", "{5FEC6E2B-D988-488D-A4C7-7D7655931940}"
EndProject
Global
	GlobalSection(SolutionConfigurationPlatforms) = preSolution
		Debug|Any CPU = Debug|Any CPU
		Release|Any CPU = Release|Any CPU
	EndGlobalSection
	GlobalSection(SolutionProperties) = preSolution
		HideSolutionNode = FALSE
	EndGlobalSection
	GlobalSection(ProjectConfigurationPlatforms) = postSolution
		{0C0AA9D3-2B45-4315-9575-DB9E135381FE}.Debug|Any CPU.ActiveCfg = Debug|Any CPU
		{0C0AA9D3-2B45-4315-9575-DB9E135381FE}.Debug|Any CPU.Build.0 = Debug|Any CPU
		{0C0AA9D3-2B45-4315-9575-DB9E135381FE}.Release|Any CPU.ActiveCfg = Release|Any CPU
		{0C0AA9D3-2B45-4315-9575-DB9E135381FE}.Release|Any CPU.Build.0 = Release|Any CPU
		{5FEC6E2B-D988-488D-A4C7-7D7655931940}.Debug|Any CPU.ActiveCfg = Debug|Any CPU
		{5FEC6E2B-D988-488D-A4C7-7D7655931940}.Debug|Any CPU.Build.0 = Debug|Any CPU
		{5FEC6E2B-D988-488D-A4C7-7D7655931940}.Release|Any CPU.ActiveCfg = Release|Any CPU
		{5FEC6E2B-D988-488D-A4C7-7D7655931940}.Release|Any CPU.Build.0 = Release|Any CPU
	EndGlobalSection
EndGlobal
